
Microsoft Visual Studio Solution File, Format Version 12.00
# Visual Studio Version 17
VisualStudioVersion = 17.13.35828.75 d17.13
MinimumVisualStudioVersion = 10.0.40219.1
Project("{FAE04EC0-301F-11D3-BF4B-00C04F79EFBC}") = "NestedClassesAndComposition", "NestedClassesAndComposition.csproj", "{8468ADFE-67A9-4096-8294-C4F0760924BD}"
EndProject
Global
	GlobalSection(SolutionConfigurationPlatforms) = preSolution
		Debug|Any CPU = Debug|Any CPU
		Release|Any CPU = Release|Any CPU
	EndGlobalSection
	GlobalSection(ProjectConfigurationPlatforms) = postSolution
		{8468ADFE-67A9-4096-8294-C4F0760924BD}.Debug|Any CPU.ActiveCfg = Debug|Any CPU
		{8468ADFE-67A9-4096-8294-C4F0760924BD}.Debug|Any CPU.Build.0 = Debug|Any CPU
		{8468ADFE-67A9-4096-8294-C4F0760924BD}.Release|Any CPU.ActiveCfg = Release|Any CPU
		{8468ADFE-67A9-4096-8294-C4F0760924BD}.Release|Any CPU.Build.0 = Release|Any CPU
	EndGlobalSection
	GlobalSection(SolutionProperties) = preSolution
		HideSolutionNode = FALSE
	EndGlobalSection
	GlobalSection(ExtensibilityGlobals) = postSolution
		SolutionGuid = {4527BA9A-93E6-40DC-B55B-0F3957686FB9}
	EndGlobalSection
EndGlobal
