
Microsoft Visual Studio Solution File, Format Version 12.00
# Visual Studio Version 17
VisualStudioVersion = 17.13.35828.75 d17.13
MinimumVisualStudioVersion = 10.0.40219.1
Project("{FAE04EC0-301F-11D3-BF4B-00C04F79EFBC}") = "AbstractClassAndMethods", "AbstractClassAndMethods.csproj", "{CE726408-A44D-4CB1-B960-26B76E6E764B}"
EndProject
Global
	GlobalSection(SolutionConfigurationPlatforms) = preSolution
		Debug|Any CPU = Debug|Any CPU
		Release|Any CPU = Release|Any CPU
	EndGlobalSection
	GlobalSection(ProjectConfigurationPlatforms) = postSolution
		{CE726408-A44D-4CB1-B960-26B76E6E764B}.Debug|Any CPU.ActiveCfg = Debug|Any CPU
		{CE726408-A44D-4CB1-B960-26B76E6E764B}.Debug|Any CPU.Build.0 = Debug|Any CPU
		{CE726408-A44D-4CB1-B960-26B76E6E764B}.Release|Any CPU.ActiveCfg = Release|Any CPU
		{CE726408-A44D-4CB1-B960-26B76E6E764B}.Release|Any CPU.Build.0 = Release|Any CPU
	EndGlobalSection
	GlobalSection(SolutionProperties) = preSolution
		HideSolutionNode = FALSE
	EndGlobalSection
	GlobalSection(ExtensibilityGlobals) = postSolution
		SolutionGuid = {DEB75AD1-69A9-4136-A980-4AEF324B2773}
	EndGlobalSection
EndGlobal
